
Microsoft Visual Studio Solution File, Format Version 12.00
# Visual Studio Version 16
VisualStudioVersion = 16.0.30114.105
MinimumVisualStudioVersion = 10.0.40219.1
Project("{2150E333-8FDC-42A3-9474-1A3956D46DE8}") = "src", "src", "{EC9C311B-DDD4-4F5B-854D-BBD44A5A78E6}"
EndProject
Project("{2150E333-8FDC-42A3-9474-1A3956D46DE8}") = "Shared", "Shared", "{309CA91E-FA85-4F3B-BEB3-D3CD506FC3BF}"
EndProject
Project("{FAE04EC0-301F-11D3-BF4B-00C04F79EFBC}") = "Shared.Abstractions", "src\Shared\Shared.Abstractions\Shared.Abstractions.csproj", "{BFA76D19-BF6E-4EE2-B8A0-A5A86094C047}"
EndProject
Project("{FAE04EC0-301F-11D3-BF4B-00C04F79EFBC}") = "Shared.Infrastructure", "src\Shared\Shared.Infrastructure\Shared.Infrastructure.csproj", "{AE3359BE-4312-4AD7-B69B-379A219ABDC7}"
EndProject
Global
	GlobalSection(SolutionConfigurationPlatforms) = preSolution
		Debug|Any CPU = Debug|Any CPU
		Release|Any CPU = Release|Any CPU
	EndGlobalSection
	GlobalSection(SolutionProperties) = preSolution
		HideSolutionNode = FALSE
	EndGlobalSection
	GlobalSection(NestedProjects) = preSolution
		{309CA91E-FA85-4F3B-BEB3-D3CD506FC3BF} = {EC9C311B-DDD4-4F5B-854D-BBD44A5A78E6}
		{BFA76D19-BF6E-4EE2-B8A0-A5A86094C047} = {309CA91E-FA85-4F3B-BEB3-D3CD506FC3BF}
		{AE3359BE-4312-4AD7-B69B-379A219ABDC7} = {309CA91E-FA85-4F3B-BEB3-D3CD506FC3BF}
	EndGlobalSection
	GlobalSection(ProjectConfigurationPlatforms) = postSolution
		{BFA76D19-BF6E-4EE2-B8A0-A5A86094C047}.Debug|Any CPU.ActiveCfg = Debug|Any CPU
		{BFA76D19-BF6E-4EE2-B8A0-A5A86094C047}.Debug|Any CPU.Build.0 = Debug|Any CPU
		{BFA76D19-BF6E-4EE2-B8A0-A5A86094C047}.Release|Any CPU.ActiveCfg = Release|Any CPU
		{BFA76D19-BF6E-4EE2-B8A0-A5A86094C047}.Release|Any CPU.Build.0 = Release|Any CPU
		{AE3359BE-4312-4AD7-B69B-379A219ABDC7}.Debug|Any CPU.ActiveCfg = Debug|Any CPU
		{AE3359BE-4312-4AD7-B69B-379A219ABDC7}.Debug|Any CPU.Build.0 = Debug|Any CPU
		{AE3359BE-4312-4AD7-B69B-379A219ABDC7}.Release|Any CPU.ActiveCfg = Release|Any CPU
		{AE3359BE-4312-4AD7-B69B-379A219ABDC7}.Release|Any CPU.Build.0 = Release|Any CPU
	EndGlobalSection
EndGlobal
